
Microsoft Visual Studio Solution File, Format Version 12.00
# Visual Studio 15
VisualStudioVersion = 15.0.27703.2026
MinimumVisualStudioVersion = 10.0.40219.1
Project("{2150E333-8FDC-42A3-9474-1A3956D46DE8}") = "Projects", "Projects", "{74644222-15CB-44DC-BAE4-51EB6DB94037}"
EndProject
Project("{FAE04EC0-301F-11D3-BF4B-00C04F79EFBC}") = "Arrays", "src\Arrays\Arrays.csproj", "{81D930BB-7FDC-4BD5-8DB7-056E278A58DD}"
EndProject
Project("{FAE04EC0-301F-11D3-BF4B-00C04F79EFBC}") = "Strings", "src\Strings\Strings.csproj", "{C0C86681-C5C8-4742-9864-539DCE2DA001}"
EndProject
Project("{FAE04EC0-301F-11D3-BF4B-00C04F79EFBC}") = "Recursion", "src\Recursion\Recursion.csproj", "{2B6578C8-195B-4577-AF6F-C9BA09DE2CFB}"
EndProject
Global
	GlobalSection(SolutionConfigurationPlatforms) = preSolution
		Debug|Any CPU = Debug|Any CPU
		Release|Any CPU = Release|Any CPU
	EndGlobalSection
	GlobalSection(ProjectConfigurationPlatforms) = postSolution
		{81D930BB-7FDC-4BD5-8DB7-056E278A58DD}.Debug|Any CPU.ActiveCfg = Debug|Any CPU
		{81D930BB-7FDC-4BD5-8DB7-056E278A58DD}.Debug|Any CPU.Build.0 = Debug|Any CPU
		{81D930BB-7FDC-4BD5-8DB7-056E278A58DD}.Release|Any CPU.ActiveCfg = Release|Any CPU
		{81D930BB-7FDC-4BD5-8DB7-056E278A58DD}.Release|Any CPU.Build.0 = Release|Any CPU
		{C0C86681-C5C8-4742-9864-539DCE2DA001}.Debug|Any CPU.ActiveCfg = Debug|Any CPU
		{C0C86681-C5C8-4742-9864-539DCE2DA001}.Debug|Any CPU.Build.0 = Debug|Any CPU
		{C0C86681-C5C8-4742-9864-539DCE2DA001}.Release|Any CPU.ActiveCfg = Release|Any CPU
		{C0C86681-C5C8-4742-9864-539DCE2DA001}.Release|Any CPU.Build.0 = Release|Any CPU
		{2B6578C8-195B-4577-AF6F-C9BA09DE2CFB}.Debug|Any CPU.ActiveCfg = Debug|Any CPU
		{2B6578C8-195B-4577-AF6F-C9BA09DE2CFB}.Debug|Any CPU.Build.0 = Debug|Any CPU
		{2B6578C8-195B-4577-AF6F-C9BA09DE2CFB}.Release|Any CPU.ActiveCfg = Release|Any CPU
		{2B6578C8-195B-4577-AF6F-C9BA09DE2CFB}.Release|Any CPU.Build.0 = Release|Any CPU
	EndGlobalSection
	GlobalSection(SolutionProperties) = preSolution
		HideSolutionNode = FALSE
	EndGlobalSection
	GlobalSection(NestedProjects) = preSolution
		{81D930BB-7FDC-4BD5-8DB7-056E278A58DD} = {74644222-15CB-44DC-BAE4-51EB6DB94037}
		{C0C86681-C5C8-4742-9864-539DCE2DA001} = {74644222-15CB-44DC-BAE4-51EB6DB94037}
		{2B6578C8-195B-4577-AF6F-C9BA09DE2CFB} = {74644222-15CB-44DC-BAE4-51EB6DB94037}
	EndGlobalSection
	GlobalSection(ExtensibilityGlobals) = postSolution
		SolutionGuid = {F9ED1D1C-93FF-4D7F-8282-255A445F619D}
	EndGlobalSection
EndGlobal
